{
  "name": "@mrbarrysoftware/hyperapp-actionpack",
  "version": "0.0.1-beta.1",
  "lockfileVersion": 3,
  "requires": true,
  "packages": {
    "": {
      "name": "@mrbarrysoftware/hyperapp-actionpack",
      "version": "0.0.1-beta.1",
      "license": "MIT",
      "dependencies": {
        "composable-state": "^0.1.0"
      }
    },
    "node_modules/composable-state": {
      "version": "0.1.0",
      "resolved": "https://registry.npmjs.org/composable-state/-/composable-state-0.1.0.tgz",
      "integrity": "sha512-Mp/SnbzQvu/2TuZONwWIEyuJA0gJlHiNa6nPJItFkW6Ny7i7U43ZYrRKypHFGLsfmvIiG3Q/uY5qDjVVQtVhQg=="
    }
  }
}
